
Microsoft Visual Studio Solution File, Format Version 12.00
# Visual Studio Version 17
VisualStudioVersion = 17.5.33424.131
MinimumVisualStudioVersion = 10.0.40219.1
Project("{FAE04EC0-301F-11D3-BF4B-00C04F79EFBC}") = "CodeFirst", "CodeFirst\CodeFirst.csproj", "{F5D1C609-D272-4E78-8C2F-3CBC506FF005}"
EndProject
Global
	GlobalSection(SolutionConfigurationPlatforms) = preSolution
		Debug|Any CPU = Debug|Any CPU
		Release|Any CPU = Release|Any CPU
	EndGlobalSection
	GlobalSection(ProjectConfigurationPlatforms) = postSolution
		{F5D1C609-D272-4E78-8C2F-3CBC506FF005}.Debug|Any CPU.ActiveCfg = Debug|Any CPU
		{F5D1C609-D272-4E78-8C2F-3CBC506FF005}.Debug|Any CPU.Build.0 = Debug|Any CPU
		{F5D1C609-D272-4E78-8C2F-3CBC506FF005}.Release|Any CPU.ActiveCfg = Release|Any CPU
		{F5D1C609-D272-4E78-8C2F-3CBC506FF005}.Release|Any CPU.Build.0 = Release|Any CPU
	EndGlobalSection
	GlobalSection(SolutionProperties) = preSolution
		HideSolutionNode = FALSE
	EndGlobalSection
	GlobalSection(ExtensibilityGlobals) = postSolution
		SolutionGuid = {051AFFB8-B158-4E7B-94CE-B7FD3775A4BF}
	EndGlobalSection
EndGlobal
